
Microsoft Visual Studio Solution File, Format Version 12.00
# Visual Studio Version 16
VisualStudioVersion = 16.0.31624.102
MinimumVisualStudioVersion = 10.0.40219.1
Project("{FAE04EC0-301F-11D3-BF4B-00C04F79EFBC}") = "TestGrid", "TestGrid\TestGrid.csproj", "{7D9FC664-6C7A-464F-A3BC-29BA3D8854F2}"
EndProject
Global
	GlobalSection(SolutionConfigurationPlatforms) = preSolution
		Debug|x86 = Debug|x86
		Release|x86 = Release|x86
	EndGlobalSection
	GlobalSection(ProjectConfigurationPlatforms) = postSolution
		{7D9FC664-6C7A-464F-A3BC-29BA3D8854F2}.Debug|x86.ActiveCfg = Debug|x86
		{7D9FC664-6C7A-464F-A3BC-29BA3D8854F2}.Debug|x86.Build.0 = Debug|x86
		{7D9FC664-6C7A-464F-A3BC-29BA3D8854F2}.Release|x86.ActiveCfg = Release|x86
		{7D9FC664-6C7A-464F-A3BC-29BA3D8854F2}.Release|x86.Build.0 = Release|x86
	EndGlobalSection
	GlobalSection(SolutionProperties) = preSolution
		HideSolutionNode = FALSE
	EndGlobalSection
	GlobalSection(ExtensibilityGlobals) = postSolution
		SolutionGuid = {69FA5FA7-39DD-4E47-B461-FBEDD96CCFDE}
	EndGlobalSection
EndGlobal
